<?xml version="1.0" encoding="UTF-8" standalone="yes" ?>
<CodeBlocks_project_file>
	<FileVersion major="1" minor="6" />
	<Project>
		<Option title="gratatata" />
		<Option pch_mode="2" />
		<Option compiler="gcc" />
		<Build>
			<Target title="Debug">
				<Option output="bin/Debug/gratatata" prefix_auto="1" extension_auto="1" />
				<Option working_dir="E:/project2/irrlicht-1.8.1/bin/Win32-gcc" />
				<Option object_output="obj/Debug/" />
				<Option type="1" />
				<Option compiler="gcc" />
				<Compiler>
					<Add option="-g" />
					<Add directory="include" />
				</Compiler>
			</Target>
			<Target title="Release">
				<Option output="bin/Release/gratatata" prefix_auto="1" extension_auto="1" />
				<Option working_dir="E:/project2/irrlicht-1.8.1/bin/Win32-gcc" />
				<Option object_output="obj/Release/" />
				<Option type="0" />
				<Option compiler="gcc" />
				<Compiler>
					<Add option="-O2" />
					<Add directory="include" />
				</Compiler>
				<Linker>
					<Add option="-s" />
				</Linker>
			</Target>
		</Build>
		<Compiler>
			<Add option="-Wall" />
			<Add directory="E:/project2/irrlicht-1.8.1/include" />
		</Compiler>
		<Linker>
			<Add library="Irrlicht" />
			<Add library="opengl32" />
			<Add library="glu32" />
			<Add library="gdi32" />
			<Add directory="E:/project2/irrlicht-1.8.1/lib/Win32-gcc" />
		</Linker>
		<Unit filename="include/lAbstract_object.h" />
		<Unit filename="include/lBullet.h" />
		<Unit filename="include/lEnemy.h" />
		<Unit filename="include/lHero.h" />
		<Unit filename="include/lObstacle.h" />
		<Unit filename="include/sGameState.h" />
		<Unit filename="include/sGameStateIntro.h" />
		<Unit filename="include/sGameStateMenu.h" />
		<Unit filename="include/sGameStatePlay.h" />
		<Unit filename="include/sStateManager.h" />
		<Unit filename="main.cpp" />
		<Unit filename="src/lAbstract_object.cpp" />
		<Unit filename="src/lBullet.cpp" />
		<Unit filename="src/lEnemy.cpp" />
		<Unit filename="src/lHero.cpp" />
		<Unit filename="src/lObstacle.cpp" />
		<Unit filename="src/sGameState.cpp" />
		<Unit filename="src/sGameStateIntro.cpp" />
		<Unit filename="src/sGameStateMenu.cpp" />
		<Unit filename="src/sGameStatePlay.cpp" />
		<Unit filename="src/sStateManager.cpp" />
		<Extensions>
			<code_completion />
			<envvars />
			<debugger />
		</Extensions>
	</Project>
</CodeBlocks_project_file>
